{
  "originHash" : "c535d3cdb62bd4e11e67f3c9e68290fa7ee9306634c5f56d2b0396eb75ed41ee",
  "pins" : [
    {
      "identity" : "mpvkit",
      "kind" : "remoteSourceControl",
      "location" : "https://github.com/edde746/MPVKit",
      "state" : {
        "revision" : "b3c0e0900235ba8e4cd86ed962817e1a38b284be",
        "version" : "1.0.7"
      }
    }
  ],
  "version" : 3
}
